
Microsoft Visual Studio Solution File, Format Version 12.00
# Visual Studio Version 17
VisualStudioVersion = 17.4.33103.184
MinimumVisualStudioVersion = 10.0.40219.1
Project("{FAE04EC0-301F-11D3-BF4B-00C04F79EFBC}") = "Pys.Application.RestFull", "Pys.Application.RestFull\Pys.Application.RestFull.csproj", "{0CBF70A3-C5C2-46CD-9FB2-340C568C8BD5}"
EndProject
Project("{FAE04EC0-301F-11D3-BF4B-00C04F79EFBC}") = "PYS.Application.Web", "PYS.Application.Web\PYS.Application.Web.csproj", "{D399F6BA-00DE-49C4-BDCD-B982B68C4D2E}"
EndProject
Project("{FAE04EC0-301F-11D3-BF4B-00C04F79EFBC}") = "PYS.Application.Business", "PYS.Application.Business\PYS.Application.Business.csproj", "{C6E15629-5A1B-4018-8E81-ABDDAC8545A3}"
EndProject
Project("{FAE04EC0-301F-11D3-BF4B-00C04F79EFBC}") = "PYS.Application.Data", "PYS.Application.Data\PYS.Application.Data.csproj", "{287AD1FA-943A-4A2B-B8FF-2E5BDF51144F}"
EndProject
Project("{FAE04EC0-301F-11D3-BF4B-00C04F79EFBC}") = "PYS.Application.Security", "PYS.Application.Security\PYS.Application.Security.csproj", "{19C683BC-BD84-489F-9B9F-F447C5027876}"
EndProject
Project("{FAE04EC0-301F-11D3-BF4B-00C04F79EFBC}") = "PYS.Application.Helper", "PYS.Application.Helper\PYS.Application.Helper.csproj", "{1BF5E608-B7F2-435C-9357-8A7CF82FC99E}"
EndProject
Project("{FAE04EC0-301F-11D3-BF4B-00C04F79EFBC}") = "PYS.Application.Security.TestForm", "PYS.Application.Security.TestForm\PYS.Application.Security.TestForm\PYS.Application.Security.TestForm.csproj", "{93B88ECC-6A55-4AFF-BD7B-2F9B8EA4D2C9}"
EndProject
Global
	GlobalSection(SolutionConfigurationPlatforms) = preSolution
		Debug|Any CPU = Debug|Any CPU
		Release|Any CPU = Release|Any CPU
	EndGlobalSection
	GlobalSection(ProjectConfigurationPlatforms) = postSolution
		{0CBF70A3-C5C2-46CD-9FB2-340C568C8BD5}.Debug|Any CPU.ActiveCfg = Debug|Any CPU
		{0CBF70A3-C5C2-46CD-9FB2-340C568C8BD5}.Debug|Any CPU.Build.0 = Debug|Any CPU
		{0CBF70A3-C5C2-46CD-9FB2-340C568C8BD5}.Release|Any CPU.ActiveCfg = Release|Any CPU
		{0CBF70A3-C5C2-46CD-9FB2-340C568C8BD5}.Release|Any CPU.Build.0 = Release|Any CPU
		{D399F6BA-00DE-49C4-BDCD-B982B68C4D2E}.Debug|Any CPU.ActiveCfg = Debug|Any CPU
		{D399F6BA-00DE-49C4-BDCD-B982B68C4D2E}.Debug|Any CPU.Build.0 = Debug|Any CPU
		{D399F6BA-00DE-49C4-BDCD-B982B68C4D2E}.Release|Any CPU.ActiveCfg = Release|Any CPU
		{D399F6BA-00DE-49C4-BDCD-B982B68C4D2E}.Release|Any CPU.Build.0 = Release|Any CPU
		{C6E15629-5A1B-4018-8E81-ABDDAC8545A3}.Debug|Any CPU.ActiveCfg = Debug|Any CPU
		{C6E15629-5A1B-4018-8E81-ABDDAC8545A3}.Debug|Any CPU.Build.0 = Debug|Any CPU
		{C6E15629-5A1B-4018-8E81-ABDDAC8545A3}.Release|Any CPU.ActiveCfg = Release|Any CPU
		{C6E15629-5A1B-4018-8E81-ABDDAC8545A3}.Release|Any CPU.Build.0 = Release|Any CPU
		{287AD1FA-943A-4A2B-B8FF-2E5BDF51144F}.Debug|Any CPU.ActiveCfg = Debug|Any CPU
		{287AD1FA-943A-4A2B-B8FF-2E5BDF51144F}.Debug|Any CPU.Build.0 = Debug|Any CPU
		{287AD1FA-943A-4A2B-B8FF-2E5BDF51144F}.Release|Any CPU.ActiveCfg = Release|Any CPU
		{287AD1FA-943A-4A2B-B8FF-2E5BDF51144F}.Release|Any CPU.Build.0 = Release|Any CPU
		{19C683BC-BD84-489F-9B9F-F447C5027876}.Debug|Any CPU.ActiveCfg = Debug|Any CPU
		{19C683BC-BD84-489F-9B9F-F447C5027876}.Debug|Any CPU.Build.0 = Debug|Any CPU
		{19C683BC-BD84-489F-9B9F-F447C5027876}.Release|Any CPU.ActiveCfg = Release|Any CPU
		{19C683BC-BD84-489F-9B9F-F447C5027876}.Release|Any CPU.Build.0 = Release|Any CPU
		{1BF5E608-B7F2-435C-9357-8A7CF82FC99E}.Debug|Any CPU.ActiveCfg = Debug|Any CPU
		{1BF5E608-B7F2-435C-9357-8A7CF82FC99E}.Debug|Any CPU.Build.0 = Debug|Any CPU
		{1BF5E608-B7F2-435C-9357-8A7CF82FC99E}.Release|Any CPU.ActiveCfg = Release|Any CPU
		{1BF5E608-B7F2-435C-9357-8A7CF82FC99E}.Release|Any CPU.Build.0 = Release|Any CPU
		{93B88ECC-6A55-4AFF-BD7B-2F9B8EA4D2C9}.Debug|Any CPU.ActiveCfg = Debug|Any CPU
		{93B88ECC-6A55-4AFF-BD7B-2F9B8EA4D2C9}.Debug|Any CPU.Build.0 = Debug|Any CPU
		{93B88ECC-6A55-4AFF-BD7B-2F9B8EA4D2C9}.Release|Any CPU.ActiveCfg = Release|Any CPU
		{93B88ECC-6A55-4AFF-BD7B-2F9B8EA4D2C9}.Release|Any CPU.Build.0 = Release|Any CPU
	EndGlobalSection
	GlobalSection(SolutionProperties) = preSolution
		HideSolutionNode = FALSE
	EndGlobalSection
	GlobalSection(ExtensibilityGlobals) = postSolution
		SolutionGuid = {F9505B24-0438-457C-B368-043A22E80BB3}
	EndGlobalSection
EndGlobal
